// !$*UTF8*$!
{
	archiveVersion = 1;
	classes = {
	};
	objectVersion = 46;
	objects = {

/* Begin PBXBuildFile section */
		4C06BF661B40DFDC002BBC3B /* AppDelegate.swift in Sources */ = {isa = PBXBuildFile; fileRef = 4C06BF651B40DFDC002BBC3B /* AppDelegate.swift */; };
		4C06BF681B40DFDC002BBC3B /* MemeEditorVC.swift in Sources */ = {isa = PBXBuildFile; fileRef = 4C06BF671B40DFDC002BBC3B /* MemeEditorVC.swift */; };
		4C06BF6B1B40DFDC002BBC3B /* Main.storyboard in Resources */ = {isa = PBXBuildFile; fileRef = 4C06BF691B40DFDC002BBC3B /* Main.storyboard */; };
		4C06BF6D1B40DFDC002BBC3B /* Images.xcassets in Resources */ = {isa = PBXBuildFile; fileRef = 4C06BF6C1B40DFDC002BBC3B /* Images.xcassets */; };
		4C06BF701B40DFDC002BBC3B /* LaunchScreen.xib in Resources */ = {isa = PBXBuildFile; fileRef = 4C06BF6E1B40DFDC002BBC3B /* LaunchScreen.xib */; };
		4C06BF7C1B40DFDC002BBC3B /* imagePickerPracticeTests.swift in Sources */ = {isa = PBXBuildFile; fileRef = 4C06BF7B1B40DFDC002BBC3B /* imagePickerPracticeTests.swift */; };
		4C06BF861B4231A1002BBC3B /* Meme.swift in Sources */ = {isa = PBXBuildFile; fileRef = 4C06BF851B4231A1002BBC3B /* Meme.swift */; };
		4C06BF8A1B437990002BBC3B /* SentMemesTableVC.swift in Sources */ = {isa = PBXBuildFile; fileRef = 4C06BF891B437990002BBC3B /* SentMemesTableVC.swift */; };
		4C06BF8C1B438455002BBC3B /* SentMemesCollectionViewController.swift in Sources */ = {isa = PBXBuildFile; fileRef = 4C06BF8B1B438455002BBC3B /* SentMemesCollectionViewController.swift */; };
		4C9920861B44D888003F0CDA /* SentMemeCollectionViewCell.swift in Sources */ = {isa = PBXBuildFile; fileRef = 4C9920851B44D888003F0CDA /* SentMemeCollectionViewCell.swift */; };
		4C9920881B463652003F0CDA /* DetailViewController.swift in Sources */ = {isa = PBXBuildFile; fileRef = 4C9920871B463652003F0CDA /* DetailViewController.swift */; };
/* End PBXBuildFile section */

/* Begin PBXContainerItemProxy section */
		4C06BF761B40DFDC002BBC3B /* PBXContainerItemProxy */ = {
			isa = PBXContainerItemProxy;
			containerPortal = 4C06BF581B40DFDC002BBC3B /* Project object */;
			proxyType = 1;
			remoteGlobalIDString = 4C06BF5F1B40DFDC002BBC3B;
			remoteInfo = imagePickerPractice;
		};
/* End PBXContainerItemProxy section */

/* Begin PBXFileReference section */
		4C06BF601B40DFDC002BBC3B /* imagePickerPractice.app */ = {isa = PBXFileReference; explicitFileType = wrapper.application; includeInIndex = 0; path = imagePickerPractice.app; sourceTree = BUILT_PRODUCTS_DIR; };
		4C06BF641B40DFDC002BBC3B /* Info.plist */ = {isa = PBXFileReference; lastKnownFileType = text.plist.xml; path = Info.plist; sourceTree = "<group>"; };
		4C06BF651B40DFDC002BBC3B /* AppDelegate.swift */ = {isa = PBXFileReference; lastKnownFileType = sourcecode.swift; path = AppDelegate.swift; sourceTree = "<group>"; };
		4C06BF671B40DFDC002BBC3B /* MemeEditorVC.swift */ = {isa = PBXFileReference; lastKnownFileType = sourcecode.swift; path = MemeEditorVC.swift; sourceTree = "<group>"; };
		4C06BF6A1B40DFDC002BBC3B /* Base */ = {isa = PBXFileReference; lastKnownFileType = file.storyboard; name = Base; path = Base.lproj/Main.storyboard; sourceTree = "<group>"; };
		4C06BF6C1B40DFDC002BBC3B /* Images.xcassets */ = {isa = PBXFileReference; lastKnownFileType = folder.assetcatalog; path = Images.xcassets; sourceTree = "<group>"; };
		4C06BF6F1B40DFDC002BBC3B /* Base */ = {isa = PBXFileReference; lastKnownFileType = file.xib; name = Base; path = Base.lproj/LaunchScreen.xib; sourceTree = "<group>"; };
		4C06BF751B40DFDC002BBC3B /* imagePickerPracticeTests.xctest */ = {isa = PBXFileReference; explicitFileType = wrapper.cfbundle; includeInIndex = 0; path = imagePickerPracticeTests.xctest; sourceTree = BUILT_PRODUCTS_DIR; };
		4C06BF7A1B40DFDC002BBC3B /* Info.plist */ = {isa = PBXFileReference; lastKnownFileType = text.plist.xml; path = Info.plist; sourceTree = "<group>"; };
		4C06BF7B1B40DFDC002BBC3B /* imagePickerPracticeTests.swift */ = {isa = PBXFileReference; lastKnownFileType = sourcecode.swift; path = imagePickerPracticeTests.swift; sourceTree = "<group>"; };
		4C06BF851B4231A1002BBC3B /* Meme.swift */ = {isa = PBXFileReference; fileEncoding = 4; lastKnownFileType = sourcecode.swift; path = Meme.swift; sourceTree = "<group>"; };
		4C06BF891B437990002BBC3B /* SentMemesTableVC.swift */ = {isa = PBXFileReference; fileEncoding = 4; lastKnownFileType = sourcecode.swift; path = SentMemesTableVC.swift; sourceTree = "<group>"; };
		4C06BF8B1B438455002BBC3B /* SentMemesCollectionViewController.swift */ = {isa = PBXFileReference; fileEncoding = 4; lastKnownFileType = sourcecode.swift; path = SentMemesCollectionViewController.swift; sourceTree = "<group>"; };
		4C9920851B44D888003F0CDA /* SentMemeCollectionViewCell.swift */ = {isa = PBXFileReference; fileEncoding = 4; lastKnownFileType = sourcecode.swift; path = SentMemeCollectionViewCell.swift; sourceTree = "<group>"; };
		4C9920871B463652003F0CDA /* DetailViewController.swift */ = {isa = PBXFileReference; fileEncoding = 4; lastKnownFileType = sourcecode.swift; path = DetailViewController.swift; sourceTree = "<group>"; };
/* End PBXFileReference section */

/* Begin PBXFrameworksBuildPhase section */
		4C06BF5D1B40DFDC002BBC3B /* Frameworks */ = {
			isa = PBXFrameworksBuildPhase;
			buildActionMask = 2147483647;
			files = (
			);
			runOnlyForDeploymentPostprocessing = 0;
		};
		4C06BF721B40DFDC002BBC3B /* Frameworks */ = {
			isa = PBXFrameworksBuildPhase;
			buildActionMask = 2147483647;
			files = (
			);
			runOnlyForDeploymentPostprocessing = 0;
		};
/* End PBXFrameworksBuildPhase section */

/* Begin PBXGroup section */
		4C06BF571B40DFDC002BBC3B = {
			isa = PBXGroup;
			children = (
				4C06BF621B40DFDC002BBC3B /* imagePickerPractice */,
				4C06BF781B40DFDC002BBC3B /* imagePickerPracticeTests */,
				4C06BF611B40DFDC002BBC3B /* Products */,
			);
			sourceTree = "<group>";
		};
		4C06BF611B40DFDC002BBC3B /* Products */ = {
			isa = PBXGroup;
			children = (
				4C06BF601B40DFDC002BBC3B /* imagePickerPractice.app */,
				4C06BF751B40DFDC002BBC3B /* imagePickerPracticeTests.xctest */,
			);
			name = Products;
			sourceTree = "<group>";
		};
		4C06BF621B40DFDC002BBC3B /* imagePickerPractice */ = {
			isa = PBXGroup;
			children = (
				4C06BF651B40DFDC002BBC3B /* AppDelegate.swift */,
				4C06BF671B40DFDC002BBC3B /* MemeEditorVC.swift */,
				4C06BF691B40DFDC002BBC3B /* Main.storyboard */,
				4C06BF6C1B40DFDC002BBC3B /* Images.xcassets */,
				4C06BF6E1B40DFDC002BBC3B /* LaunchScreen.xib */,
				4C06BF631B40DFDC002BBC3B /* Supporting Files */,
				4C06BF851B4231A1002BBC3B /* Meme.swift */,
				4C06BF891B437990002BBC3B /* SentMemesTableVC.swift */,
				4C06BF8B1B438455002BBC3B /* SentMemesCollectionViewController.swift */,
				4C9920851B44D888003F0CDA /* SentMemeCollectionViewCell.swift */,
				4C9920871B463652003F0CDA /* DetailViewController.swift */,
			);
			path = imagePickerPractice;
			sourceTree = "<group>";
		};
		4C06BF631B40DFDC002BBC3B /* Supporting Files */ = {
			isa = PBXGroup;
			children = (
				4C06BF641B40DFDC002BBC3B /* Info.plist */,
			);
			name = "Supporting Files";
			sourceTree = "<group>";
		};
		4C06BF781B40DFDC002BBC3B /* imagePickerPracticeTests */ = {
			isa = PBXGroup;
			children = (
				4C06BF7B1B40DFDC002BBC3B /* imagePickerPracticeTests.swift */,
				4C06BF791B40DFDC002BBC3B /* Supporting Files */,
			);
			path = imagePickerPracticeTests;
			sourceTree = "<group>";
		};
		4C06BF791B40DFDC002BBC3B /* Supporting Files */ = {
			isa = PBXGroup;
			children = (
				4C06BF7A1B40DFDC002BBC3B /* Info.plist */,
			);
			name = "Supporting Files";
			sourceTree = "<group>";
		};
/* End PBXGroup section */

/* Begin PBXNativeTarget section */
		4C06BF5F1B40DFDC002BBC3B /* imagePickerPractice */ = {
			isa = PBXNativeTarget;
			buildConfigurationList = 4C06BF7F1B40DFDC002BBC3B /* Build configuration list for PBXNativeTarget "imagePickerPractice" */;
			buildPhases = (
				4C06BF5C1B40DFDC002BBC3B /* Sources */,
				4C06BF5D1B40DFDC002BBC3B /* Frameworks */,
				4C06BF5E1B40DFDC002BBC3B /* Resources */,
			);
			buildRules = (
			);
			dependencies = (
			);
			name = imagePickerPractice;
			productName = imagePickerPractice;
			productReference = 4C06BF601B40DFDC002BBC3B /* imagePickerPractice.app */;
			productType = "com.apple.product-type.application";
		};
		4C06BF741B40DFDC002BBC3B /* imagePickerPracticeTests */ = {
			isa = PBXNativeTarget;
			buildConfigurationList = 4C06BF821B40DFDC002BBC3B /* Build configuration list for PBXNativeTarget "imagePickerPracticeTests" */;
			buildPhases = (
				4C06BF711B40DFDC002BBC3B /* Sources */,
				4C06BF721B40DFDC002BBC3B /* Frameworks */,
				4C06BF731B40DFDC002BBC3B /* Resources */,
			);
			buildRules = (
			);
			dependencies = (
				4C06BF771B40DFDC002BBC3B /* PBXTargetDependency */,
			);
			name = imagePickerPracticeTests;
			productName = imagePickerPracticeTests;
			productReference = 4C06BF751B40DFDC002BBC3B /* imagePickerPracticeTests.xctest */;
			productType = "com.apple.product-type.bundle.unit-test";
		};
/* End PBXNativeTarget section */

/* Begin PBXProject section */
		4C06BF581B40DFDC002BBC3B /* Project object */ = {
			isa = PBXProject;
			attributes = {
				LastUpgradeCheck = 0630;
				ORGANIZATIONNAME = "Michael Nichols";
				TargetAttributes = {
					4C06BF5F1B40DFDC002BBC3B = {
						CreatedOnToolsVersion = 6.3.2;
						DevelopmentTeam = 26QY47U35E;
					};
					4C06BF741B40DFDC002BBC3B = {
						CreatedOnToolsVersion = 6.3.2;
						TestTargetID = 4C06BF5F1B40DFDC002BBC3B;
					};
				};
			};
			buildConfigurationList = 4C06BF5B1B40DFDC002BBC3B /* Build configuration list for PBXProject "imagePickerPractice" */;
			compatibilityVersion = "Xcode 3.2";
			developmentRegion = English;
			hasScannedForEncodings = 0;
			knownRegions = (
				en,
				Base,
			);
			mainGroup = 4C06BF571B40DFDC002BBC3B;
			productRefGroup = 4C06BF611B40DFDC002BBC3B /* Products */;
			projectDirPath = "";
			projectRoot = "";
			targets = (
				4C06BF5F1B40DFDC002BBC3B /* imagePickerPractice */,
				4C06BF741B40DFDC002BBC3B /* imagePickerPracticeTests */,
			);
		};
/* End PBXProject section */

/* Begin PBXResourcesBuildPhase section */
		4C06BF5E1B40DFDC002BBC3B /* Resources */ = {
			isa = PBXResourcesBuildPhase;
			buildActionMask = 2147483647;
			files = (
				4C06BF6B1B40DFDC002BBC3B /* Main.storyboard in Resources */,
				4C06BF701B40DFDC002BBC3B /* LaunchScreen.xib in Resources */,
				4C06BF6D1B40DFDC002BBC3B /* Images.xcassets in Resources */,
			);
			runOnlyForDeploymentPostprocessing = 0;
		};
		4C06BF731B40DFDC002BBC3B /* Resources */ = {
			isa = PBXResourcesBuildPhase;
			buildActionMask = 2147483647;
			files = (
			);
			runOnlyForDeploymentPostprocessing = 0;
		};
/* End PBXResourcesBuildPhase section */

/* Begin PBXSourcesBuildPhase section */
		4C06BF5C1B40DFDC002BBC3B /* Sources */ = {
			isa = PBXSourcesBuildPhase;
			buildActionMask = 2147483647;
			files = (
				4C9920861B44D888003F0CDA /* SentMemeCollectionViewCell.swift in Sources */,
				4C06BF861B4231A1002BBC3B /* Meme.swift in Sources */,
				4C06BF681B40DFDC002BBC3B /* MemeEditorVC.swift in Sources */,
				4C06BF8C1B438455002BBC3B /* SentMemesCollectionViewController.swift in Sources */,
				4C06BF8A1B437990002BBC3B /* SentMemesTableVC.swift in Sources */,
				4C06BF661B40DFDC002BBC3B /* AppDelegate.swift in Sources */,
				4C9920881B463652003F0CDA /* DetailViewController.swift in Sources */,
			);
			runOnlyForDeploymentPostprocessing = 0;
		};
		4C06BF711B40DFDC002BBC3B /* Sources */ = {
			isa = PBXSourcesBuildPhase;
			buildActionMask = 2147483647;
			files = (
				4C06BF7C1B40DFDC002BBC3B /* imagePickerPracticeTests.swift in Sources */,
			);
			runOnlyForDeploymentPostprocessing = 0;
		};
/* End PBXSourcesBuildPhase section */

/* Begin PBXTargetDependency section */
		4C06BF771B40DFDC002BBC3B /* PBXTargetDependency */ = {
			isa = PBXTargetDependency;
			target = 4C06BF5F1B40DFDC002BBC3B /* imagePickerPractice */;
			targetProxy = 4C06BF761B40DFDC002BBC3B /* PBXContainerItemProxy */;
		};
/* End PBXTargetDependency section */

/* Begin PBXVariantGroup section */
		4C06BF691B40DFDC002BBC3B /* Main.storyboard */ = {
			isa = PBXVariantGroup;
			children = (
				4C06BF6A1B40DFDC002BBC3B /* Base */,
			);
			name = Main.storyboard;
			sourceTree = "<group>";
		};
		4C06BF6E1B40DFDC002BBC3B /* LaunchScreen.xib */ = {
			isa = PBXVariantGroup;
			children = (
				4C06BF6F1B40DFDC002BBC3B /* Base */,
			);
			name = LaunchScreen.xib;
			sourceTree = "<group>";
		};
/* End PBXVariantGroup section */

/* Begin XCBuildConfiguration section */
		4C06BF7D1B40DFDC002BBC3B /* Debug */ = {
			isa = XCBuildConfiguration;
			buildSettings = {
				ALWAYS_SEARCH_USER_PATHS = NO;
				CLANG_CXX_LANGUAGE_STANDARD = "gnu++0x";
				CLANG_CXX_LIBRARY = "libc++";
				CLANG_ENABLE_MODULES = YES;
				CLANG_ENABLE_OBJC_ARC = YES;
				CLANG_WARN_BOOL_CONVERSION = YES;
				CLANG_WARN_CONSTANT_CONVERSION = YES;
				CLANG_WARN_DIRECT_OBJC_ISA_USAGE = YES_ERROR;
				CLANG_WARN_EMPTY_BODY = YES;
				CLANG_WARN_ENUM_CONVERSION = YES;
				CLANG_WARN_INT_CONVERSION = YES;
				CLANG_WARN_OBJC_ROOT_CLASS = YES_ERROR;
				CLANG_WARN_UNREACHABLE_CODE = YES;
				CLANG_WARN__DUPLICATE_METHOD_MATCH = YES;
				"CODE_SIGN_IDENTITY[sdk=iphoneos*]" = "iPhone Developer";
				COPY_PHASE_STRIP = NO;
				DEBUG_INFORMATION_FORMAT = "dwarf-with-dsym";
				ENABLE_STRICT_OBJC_MSGSEND = YES;
				GCC_C_LANGUAGE_STANDARD = gnu99;
				GCC_DYNAMIC_NO_PIC = NO;
				GCC_NO_COMMON_BLOCKS = YES;
				GCC_OPTIMIZATION_LEVEL = 0;
				GCC_PREPROCESSOR_DEFINITIONS = (
					"DEBUG=1",
					"$(inherited)",
				);
				GCC_SYMBOLS_PRIVATE_EXTERN = NO;
				GCC_WARN_64_TO_32_BIT_CONVERSION = YES;
				GCC_WARN_ABOUT_RETURN_TYPE = YES_ERROR;
				GCC_WARN_UNDECLARED_SELECTOR = YES;
				GCC_WARN_UNINITIALIZED_AUTOS = YES_AGGRESSIVE;
				GCC_WARN_UNUSED_FUNCTION = YES;
				GCC_WARN_UNUSED_VARIABLE = YES;
				IPHONEOS_DEPLOYMENT_TARGET = 8.3;
				MTL_ENABLE_DEBUG_INFO = YES;
				ONLY_ACTIVE_ARCH = YES;
				SDKROOT = iphoneos;
				SWIFT_OPTIMIZATION_LEVEL = "-Onone";
			};
			name = Debug;
		};
		4C06BF7E1B40DFDC002BBC3B /* Release */ = {
			isa = XCBuildConfiguration;
			buildSettings = {
				ALWAYS_SEARCH_USER_PATHS = NO;
				CLANG_CXX_LANGUAGE_STANDARD = "gnu++0x";
				CLANG_CXX_LIBRARY = "libc++";
				CLANG_ENABLE_MODULES = YES;
				CLANG_ENABLE_OBJC_ARC = YES;
				CLANG_WARN_BOOL_CONVERSION = YES;
				CLANG_WARN_CONSTANT_CONVERSION = YES;
				CLANG_WARN_DIRECT_OBJC_ISA_USAGE = YES_ERROR;
				CLANG_WARN_EMPTY_BODY = YES;
				CLANG_WARN_ENUM_CONVERSION = YES;
				CLANG_WARN_INT_CONVERSION = YES;
				CLANG_WARN_OBJC_ROOT_CLASS = YES_ERROR;
				CLANG_WARN_UNREACHABLE_CODE = YES;
				CLANG_WARN__DUPLICATE_METHOD_MATCH = YES;
				"CODE_SIGN_IDENTITY[sdk=iphoneos*]" = "iPhone Developer";
				COPY_PHASE_STRIP = NO;
				DEBUG_INFORMATION_FORMAT = "dwarf-with-dsym";
				ENABLE_NS_ASSERTIONS = NO;
				ENABLE_STRICT_OBJC_MSGSEND = YES;
				GCC_C_LANGUAGE_STANDARD = gnu99;
				GCC_NO_COMMON_BLOCKS = YES;
				GCC_WARN_64_TO_32_BIT_CONVERSION = YES;
				GCC_WARN_ABOUT_RETURN_TYPE = YES_ERROR;
				GCC_WARN_UNDECLARED_SELECTOR = YES;
				GCC_WARN_UNINITIALIZED_AUTOS = YES_AGGRESSIVE;
				GCC_WARN_UNUSED_FUNCTION = YES;
				GCC_WARN_UNUSED_VARIABLE = YES;
				IPHONEOS_DEPLOYMENT_TARGET = 8.3;
				MTL_ENABLE_DEBUG_INFO = NO;
				SDKROOT = iphoneos;
				VALIDATE_PRODUCT = YES;
			};
			name = Release;
		};
		4C06BF801B40DFDC002BBC3B /* Debug */ = {
			isa = XCBuildConfiguration;
			buildSettings = {
				ASSETCATALOG_COMPILER_APPICON_NAME = AppIcon;
				CODE_SIGN_IDENTITY = "iPhone Developer";
				"CODE_SIGN_IDENTITY[sdk=iphoneos*]" = "iPhone Developer";
				INFOPLIST_FILE = imagePickerPractice/Info.plist;
				IPHONEOS_DEPLOYMENT_TARGET = 8.4;
				LD_RUNPATH_SEARCH_PATHS = "$(inherited) @executable_path/Frameworks";
				PRODUCT_NAME = "$(TARGET_NAME)";
				PROVISIONING_PROFILE = "";
			};
			name = Debug;
		};
		4C06BF811B40DFDC002BBC3B /* Release */ = {
			isa = XCBuildConfiguration;
			buildSettings = {
				ASSETCATALOG_COMPILER_APPICON_NAME = AppIcon;
				CODE_SIGN_IDENTITY = "iPhone Developer";
				"CODE_SIGN_IDENTITY[sdk=iphoneos*]" = "iPhone Developer";
				INFOPLIST_FILE = imagePickerPractice/Info.plist;
				IPHONEOS_DEPLOYMENT_TARGET = 8.4;
				LD_RUNPATH_SEARCH_PATHS = "$(inherited) @executable_path/Frameworks";
				PRODUCT_NAME = "$(TARGET_NAME)";
				PROVISIONING_PROFILE = "";
			};
			name = Release;
		};
		4C06BF831B40DFDC002BBC3B /* Debug */ = {
			isa = XCBuildConfiguration;
			buildSettings = {
				BUNDLE_LOADER = "$(TEST_HOST)";
				FRAMEWORK_SEARCH_PATHS = (
					"$(SDKROOT)/Developer/Library/Frameworks",
					"$(inherited)",
				);
				GCC_PREPROCESSOR_DEFINITIONS = (
					"DEBUG=1",
					"$(inherited)",
				);
				INFOPLIST_FILE = imagePickerPracticeTests/Info.plist;
				LD_RUNPATH_SEARCH_PATHS = "$(inherited) @executable_path/Frameworks @loader_path/Frameworks";
				PRODUCT_NAME = "$(TARGET_NAME)";
				TEST_HOST = "$(BUILT_PRODUCTS_DIR)/imagePickerPractice.app/imagePickerPractice";
			};
			name = Debug;
		};
		4C06BF841B40DFDC002BBC3B /* Release */ = {
			isa = XCBuildConfiguration;
			buildSettings = {
				BUNDLE_LOADER = "$(TEST_HOST)";
				FRAMEWORK_SEARCH_PATHS = (
					"$(SDKROOT)/Developer/Library/Frameworks",
					"$(inherited)",
				);
				INFOPLIST_FILE = imagePickerPracticeTests/Info.plist;
				LD_RUNPATH_SEARCH_PATHS = "$(inherited) @executable_path/Frameworks @loader_path/Frameworks";
				PRODUCT_NAME = "$(TARGET_NAME)";
				TEST_HOST = "$(BUILT_PRODUCTS_DIR)/imagePickerPractice.app/imagePickerPractice";
			};
			name = Release;
		};
/* End XCBuildConfiguration section */

/* Begin XCConfigurationList section */
		4C06BF5B1B40DFDC002BBC3B /* Build configuration list for PBXProject "imagePickerPractice" */ = {
			isa = XCConfigurationList;
			buildConfigurations = (
				4C06BF7D1B40DFDC002BBC3B /* Debug */,
				4C06BF7E1B40DFDC002BBC3B /* Release */,
			);
			defaultConfigurationIsVisible = 0;
			defaultConfigurationName = Release;
		};
		4C06BF7F1B40DFDC002BBC3B /* Build configuration list for PBXNativeTarget "imagePickerPractice" */ = {
			isa = XCConfigurationList;
			buildConfigurations = (
				4C06BF801B40DFDC002BBC3B /* Debug */,
				4C06BF811B40DFDC002BBC3B /* Release */,
			);
			defaultConfigurationIsVisible = 0;
			defaultConfigurationName = Release;
		};
		4C06BF821B40DFDC002BBC3B /* Build configuration list for PBXNativeTarget "imagePickerPracticeTests" */ = {
			isa = XCConfigurationList;
			buildConfigurations = (
				4C06BF831B40DFDC002BBC3B /* Debug */,
				4C06BF841B40DFDC002BBC3B /* Release */,
			);
			defaultConfigurationIsVisible = 0;
			defaultConfigurationName = Release;
		};
/* End XCConfigurationList section */
	};
	rootObject = 4C06BF581B40DFDC002BBC3B /* Project object */;
}
